
Microsoft Visual Studio Solution File, Format Version 12.00
# Visual Studio 14
VisualStudioVersion = 14.0.24720.0
MinimumVisualStudioVersion = 10.0.40219.1
Project("{FAE04EC0-301F-11D3-BF4B-00C04F79EFBC}") = "Ecs.Core", "Ecs.Core\Ecs.Core.csproj", "{7F5B08DC-BE78-4BC3-8F13-DDC5921014DC}"
EndProject
Project("{FAE04EC0-301F-11D3-BF4B-00C04F79EFBC}") = "Ecs.EntitySystem", "Ecs.EntitySystem\Ecs.EntitySystem.csproj", "{F059B3B1-7738-4CAC-99C1-2430D8B8E0E6}"
EndProject
Project("{FAE04EC0-301F-11D3-BF4B-00C04F79EFBC}") = "Bridge.Lib", "Bridge.Lib\Bridge.Lib.csproj", "{EBB2666F-1622-4B7B-B661-E7246968B5C1}"
EndProject
Project("{FAE04EC0-301F-11D3-BF4B-00C04F79EFBC}") = "Bridge.Game", "Bridge.Game\Bridge.Game.csproj", "{A8BFE352-D26F-47EE-82A0-156F4310764D}"
EndProject
Global
	GlobalSection(SolutionConfigurationPlatforms) = preSolution
		Debug|Any CPU = Debug|Any CPU
		Release|Any CPU = Release|Any CPU
	EndGlobalSection
	GlobalSection(ProjectConfigurationPlatforms) = postSolution
		{7F5B08DC-BE78-4BC3-8F13-DDC5921014DC}.Debug|Any CPU.ActiveCfg = Debug|Any CPU
		{7F5B08DC-BE78-4BC3-8F13-DDC5921014DC}.Debug|Any CPU.Build.0 = Debug|Any CPU
		{7F5B08DC-BE78-4BC3-8F13-DDC5921014DC}.Release|Any CPU.ActiveCfg = Release|Any CPU
		{7F5B08DC-BE78-4BC3-8F13-DDC5921014DC}.Release|Any CPU.Build.0 = Release|Any CPU
		{F059B3B1-7738-4CAC-99C1-2430D8B8E0E6}.Debug|Any CPU.ActiveCfg = Debug|Any CPU
		{F059B3B1-7738-4CAC-99C1-2430D8B8E0E6}.Debug|Any CPU.Build.0 = Debug|Any CPU
		{F059B3B1-7738-4CAC-99C1-2430D8B8E0E6}.Release|Any CPU.ActiveCfg = Release|Any CPU
		{F059B3B1-7738-4CAC-99C1-2430D8B8E0E6}.Release|Any CPU.Build.0 = Release|Any CPU
		{EBB2666F-1622-4B7B-B661-E7246968B5C1}.Debug|Any CPU.ActiveCfg = Debug|Any CPU
		{EBB2666F-1622-4B7B-B661-E7246968B5C1}.Debug|Any CPU.Build.0 = Debug|Any CPU
		{EBB2666F-1622-4B7B-B661-E7246968B5C1}.Release|Any CPU.ActiveCfg = Release|Any CPU
		{EBB2666F-1622-4B7B-B661-E7246968B5C1}.Release|Any CPU.Build.0 = Release|Any CPU
		{A8BFE352-D26F-47EE-82A0-156F4310764D}.Debug|Any CPU.ActiveCfg = Debug|Any CPU
		{A8BFE352-D26F-47EE-82A0-156F4310764D}.Debug|Any CPU.Build.0 = Debug|Any CPU
		{A8BFE352-D26F-47EE-82A0-156F4310764D}.Release|Any CPU.ActiveCfg = Release|Any CPU
		{A8BFE352-D26F-47EE-82A0-156F4310764D}.Release|Any CPU.Build.0 = Release|Any CPU
	EndGlobalSection
	GlobalSection(SolutionProperties) = preSolution
		HideSolutionNode = FALSE
	EndGlobalSection
EndGlobal
